
Microsoft Visual Studio Solution File, Format Version 12.00
# Visual Studio 14
VisualStudioVersion = 14.0.22609.0
MinimumVisualStudioVersion = 10.0.40219.1
Project("{FAE04EC0-301F-11D3-BF4B-00C04F79EFBC}") = "Runner", "Runner\Runner.csproj", "{BF5C5E7D-5538-45DB-939C-92ED6883AA6B}"
EndProject
Project("{2150E333-8FDC-42A3-9474-1A3956D46DE8}") = "Solution Items", "Solution Items", "{29ADB332-41B9-4507-A22C-937A9D085321}"
	ProjectSection(SolutionItems) = preProject
		.gitattributes = .gitattributes
		.gitignore = .gitignore
		README.md = README.md
	EndProjectSection
EndProject
Project("{FAE04EC0-301F-11D3-BF4B-00C04F79EFBC}") = "Runner.Tests", "Runner.Tests\Runner.Tests.csproj", "{54688B63-1896-4226-8B2C-CB47A7C6A8AE}"
EndProject
Global
	GlobalSection(SolutionConfigurationPlatforms) = preSolution
		Debug|Any CPU = Debug|Any CPU
		Release|Any CPU = Release|Any CPU
	EndGlobalSection
	GlobalSection(ProjectConfigurationPlatforms) = postSolution
		{BF5C5E7D-5538-45DB-939C-92ED6883AA6B}.Debug|Any CPU.ActiveCfg = Debug|Any CPU
		{BF5C5E7D-5538-45DB-939C-92ED6883AA6B}.Debug|Any CPU.Build.0 = Debug|Any CPU
		{BF5C5E7D-5538-45DB-939C-92ED6883AA6B}.Release|Any CPU.ActiveCfg = Release|Any CPU
		{BF5C5E7D-5538-45DB-939C-92ED6883AA6B}.Release|Any CPU.Build.0 = Release|Any CPU
		{54688B63-1896-4226-8B2C-CB47A7C6A8AE}.Debug|Any CPU.ActiveCfg = Debug|Any CPU
		{54688B63-1896-4226-8B2C-CB47A7C6A8AE}.Debug|Any CPU.Build.0 = Debug|Any CPU
		{54688B63-1896-4226-8B2C-CB47A7C6A8AE}.Release|Any CPU.ActiveCfg = Release|Any CPU
		{54688B63-1896-4226-8B2C-CB47A7C6A8AE}.Release|Any CPU.Build.0 = Release|Any CPU
	EndGlobalSection
	GlobalSection(SolutionProperties) = preSolution
		HideSolutionNode = FALSE
	EndGlobalSection
EndGlobal
